// !$*UTF8*$!
{
	archiveVersion = 1;
	classes = {
	};
	objectVersion = 56;
	objects = {

/* Begin PBXBuildFile section */
		C143F33729EFC776007D6C13 /* UsersLoaderDelayDecorator.swift in Sources */ = {isa = PBXBuildFile; fileRef = C143F33629EFC776007D6C13 /* UsersLoaderDelayDecorator.swift */; };
		C1C888DA2925EE6D00FD832F /* AppDelegate.swift in Sources */ = {isa = PBXBuildFile; fileRef = C1C888D92925EE6D00FD832F /* AppDelegate.swift */; };
		C1C888DC2925EE6D00FD832F /* SceneDelegate.swift in Sources */ = {isa = PBXBuildFile; fileRef = C1C888DB2925EE6D00FD832F /* SceneDelegate.swift */; };
		C1C888E12925EE6D00FD832F /* Main.storyboard in Resources */ = {isa = PBXBuildFile; fileRef = C1C888DF2925EE6D00FD832F /* Main.storyboard */; };
		C1C888E42925EE6D00FD832F /* GithubUsers.xcdatamodeld in Sources */ = {isa = PBXBuildFile; fileRef = C1C888E22925EE6D00FD832F /* GithubUsers.xcdatamodeld */; };
		C1C888E62925EE6F00FD832F /* Assets.xcassets in Resources */ = {isa = PBXBuildFile; fileRef = C1C888E52925EE6F00FD832F /* Assets.xcassets */; };
		C1C888E92925EE6F00FD832F /* LaunchScreen.storyboard in Resources */ = {isa = PBXBuildFile; fileRef = C1C888E72925EE6F00FD832F /* LaunchScreen.storyboard */; };
		C1C888F22925F2F100FD832F /* APILoader.swift in Sources */ = {isa = PBXBuildFile; fileRef = C1C888F12925F2F100FD832F /* APILoader.swift */; };
		C1C888F5292615CE00FD832F /* User.swift in Sources */ = {isa = PBXBuildFile; fileRef = C1C888F4292615CE00FD832F /* User.swift */; };
		C1C888FA292B1A2200FD832F /* UserListViewController.swift in Sources */ = {isa = PBXBuildFile; fileRef = C1C888F9292B1A2200FD832F /* UserListViewController.swift */; };
		C1C888FC292B1C2C00FD832F /* UserCell.swift in Sources */ = {isa = PBXBuildFile; fileRef = C1C888FB292B1C2C00FD832F /* UserCell.swift */; };
		C1C888FF292B1D7800FD832F /* UserListViewModel.swift in Sources */ = {isa = PBXBuildFile; fileRef = C1C888FE292B1D7800FD832F /* UserListViewModel.swift */; };
		C1C88905292B282800FD832F /* UserCellViewModel.swift in Sources */ = {isa = PBXBuildFile; fileRef = C1C88904292B282800FD832F /* UserCellViewModel.swift */; };
		C1C88910292B3E1F00FD832F /* UIImage+Invert.swift in Sources */ = {isa = PBXBuildFile; fileRef = C1C8890F292B3E1F00FD832F /* UIImage+Invert.swift */; };
		C1C88913292B619900FD832F /* LoadingIndicatorCell.swift in Sources */ = {isa = PBXBuildFile; fileRef = C1C88912292B619900FD832F /* LoadingIndicatorCell.swift */; };
		C1C88919292C3F7D00FD832F /* UserProfileView.swift in Sources */ = {isa = PBXBuildFile; fileRef = C1C88918292C3F7D00FD832F /* UserProfileView.swift */; };
		C1C8891B292C77FC00FD832F /* ProfileViewModel.swift in Sources */ = {isa = PBXBuildFile; fileRef = C1C8891A292C77FC00FD832F /* ProfileViewModel.swift */; };
		C1DDC888292CD32F00BB101F /* UserProfileViewModel.swift in Sources */ = {isa = PBXBuildFile; fileRef = C1DDC887292CD32F00BB101F /* UserProfileViewModel.swift */; };
		C1DDC88B292CF89400BB101F /* UsersCoreDataRepository.swift in Sources */ = {isa = PBXBuildFile; fileRef = C1DDC88A292CF89400BB101F /* UsersCoreDataRepository.swift */; };
		C1DDC88D292CFD5100BB101F /* UserManagedObject.swift in Sources */ = {isa = PBXBuildFile; fileRef = C1DDC88C292CFD5100BB101F /* UserManagedObject.swift */; };
		C1DDC88F292CFF5100BB101F /* CoreDataStack.swift in Sources */ = {isa = PBXBuildFile; fileRef = C1DDC88E292CFF5100BB101F /* CoreDataStack.swift */; };
		C1DDC892292DC1F800BB101F /* Reachability.swift in Sources */ = {isa = PBXBuildFile; fileRef = C1DDC891292DC1F700BB101F /* Reachability.swift */; };
		C1DDC898292DC2BC00BB101F /* BottomInfoView.swift in Sources */ = {isa = PBXBuildFile; fileRef = C1DDC897292DC2BC00BB101F /* BottomInfoView.swift */; };
		C1DDC8A6292DE23A00BB101F /* GithubListTests.swift in Sources */ = {isa = PBXBuildFile; fileRef = C1DDC8A5292DE23A00BB101F /* GithubListTests.swift */; };
		C1DDC8B5292EE18C00BB101F /* users.json in Resources */ = {isa = PBXBuildFile; fileRef = C1DDC8B4292EE18C00BB101F /* users.json */; };
		C1DDC8B7292EE5F300BB101F /* userProfile.json in Resources */ = {isa = PBXBuildFile; fileRef = C1DDC8B6292EE5F300BB101F /* userProfile.json */; };
		C1DDC8B8292EEF9D00BB101F /* userProfile.json in Resources */ = {isa = PBXBuildFile; fileRef = C1DDC8B6292EE5F300BB101F /* userProfile.json */; };
		C1DDC8B9292EEF9F00BB101F /* users.json in Resources */ = {isa = PBXBuildFile; fileRef = C1DDC8B4292EE18C00BB101F /* users.json */; };
		C1FD891229EE0A3F00358E82 /* HTTPClient.swift in Sources */ = {isa = PBXBuildFile; fileRef = C1FD891129EE0A3F00358E82 /* HTTPClient.swift */; };
		C1FD891429EE295000358E82 /* URLSessionHTTPClient.swift in Sources */ = {isa = PBXBuildFile; fileRef = C1FD891329EE295000358E82 /* URLSessionHTTPClient.swift */; };
		C1FD891929EE2CD200358E82 /* UserListSnapshotTests.swift in Sources */ = {isa = PBXBuildFile; fileRef = C1FD891829EE2CD200358E82 /* UserListSnapshotTests.swift */; };
		C1FD891C29EE2CFE00358E82 /* XCTestCase+Snapshot.swift in Sources */ = {isa = PBXBuildFile; fileRef = C1FD891B29EE2CFE00358E82 /* XCTestCase+Snapshot.swift */; };
		C1FD891E29EE2D2200358E82 /* UIViewController+Snapshot.swift in Sources */ = {isa = PBXBuildFile; fileRef = C1FD891D29EE2D2200358E82 /* UIViewController+Snapshot.swift */; };
		C1FD892129EE36F200358E82 /* snapshots in Resources */ = {isa = PBXBuildFile; fileRef = C1FD892029EE36F200358E82 /* snapshots */; };
		C1FD892729EE3B6A00358E82 /* LocalLoader.swift in Sources */ = {isa = PBXBuildFile; fileRef = C1FD892629EE3B6A00358E82 /* LocalLoader.swift */; };
		C1FD892929EE40AA00358E82 /* UsersLoaderComposite.swift in Sources */ = {isa = PBXBuildFile; fileRef = C1FD892829EE40AA00358E82 /* UsersLoaderComposite.swift */; };
		C1FD892B29EE452600358E82 /* UsersLoaderCompositeTests.swift in Sources */ = {isa = PBXBuildFile; fileRef = C1FD892A29EE452600358E82 /* UsersLoaderCompositeTests.swift */; };
		C1FD892E29EE492B00358E82 /* UserListViewModelTests.swift in Sources */ = {isa = PBXBuildFile; fileRef = C1FD892D29EE492B00358E82 /* UserListViewModelTests.swift */; };
		C1FD893129EE49D300358E82 /* UsersLoaderStub.swift in Sources */ = {isa = PBXBuildFile; fileRef = C1FD893029EE49D300358E82 /* UsersLoaderStub.swift */; };
		C1FD893329EE51F800358E82 /* SharedHelpers.swift in Sources */ = {isa = PBXBuildFile; fileRef = C1FD893229EE51F800358E82 /* SharedHelpers.swift */; };
		C1FD893529EE56F900358E82 /* UsersLoaderCacheDecorator.swift in Sources */ = {isa = PBXBuildFile; fileRef = C1FD893429EE56F900358E82 /* UsersLoaderCacheDecorator.swift */; };
		C1FD893929EE5A9B00358E82 /* UserListUIComposer.swift in Sources */ = {isa = PBXBuildFile; fileRef = C1FD893829EE5A9B00358E82 /* UserListUIComposer.swift */; };
		C1FD893B29EE5F9100358E82 /* UserProfileLoaderComposite.swift in Sources */ = {isa = PBXBuildFile; fileRef = C1FD893A29EE5F9100358E82 /* UserProfileLoaderComposite.swift */; };
		C1FD893E29EE61F900358E82 /* User+ProfileCheck.swift in Sources */ = {isa = PBXBuildFile; fileRef = C1FD893D29EE61F900358E82 /* User+ProfileCheck.swift */; };
		C1FD894029EE773D00358E82 /* UserProfileUIComposer.swift in Sources */ = {isa = PBXBuildFile; fileRef = C1FD893F29EE773D00358E82 /* UserProfileUIComposer.swift */; };
		C1FD894229EE77F400358E82 /* MainQueueDispatchDecorator.swift in Sources */ = {isa = PBXBuildFile; fileRef = C1FD894129EE77F400358E82 /* MainQueueDispatchDecorator.swift */; };
		C1FD894429EE7A5A00358E82 /* UserProfileLoaderCacheDecorator.swift in Sources */ = {isa = PBXBuildFile; fileRef = C1FD894329EE7A5A00358E82 /* UserProfileLoaderCacheDecorator.swift */; };
		C1FD894729EF5B7900358E82 /* UsersRepository.swift in Sources */ = {isa = PBXBuildFile; fileRef = C1FD894629EF5B7900358E82 /* UsersRepository.swift */; };
		C1FD894A29EF5DC900358E82 /* UserManagedObjectHelpers.swift in Sources */ = {isa = PBXBuildFile; fileRef = C1FD894929EF5DC900358E82 /* UserManagedObjectHelpers.swift */; };
		C1FD894C29EF805300358E82 /* UsersCoreDataRepositoryTests.swift in Sources */ = {isa = PBXBuildFile; fileRef = C1FD894B29EF805300358E82 /* UsersCoreDataRepositoryTests.swift */; };
		C1FD895629EF90B800358E82 /* InternetConnectionUpdater.swift in Sources */ = {isa = PBXBuildFile; fileRef = C1FD895529EF90B800358E82 /* InternetConnectionUpdater.swift */; };
		C1FD895929EF9C9000358E82 /* UsersLoader.swift in Sources */ = {isa = PBXBuildFile; fileRef = C1FD895829EF9C9000358E82 /* UsersLoader.swift */; };
		C1FD895B29EF9C9900358E82 /* UserProfileLoader.swift in Sources */ = {isa = PBXBuildFile; fileRef = C1FD895A29EF9C9900358E82 /* UserProfileLoader.swift */; };
		C1FD895D29EF9D0E00358E82 /* ImageLoader.swift in Sources */ = {isa = PBXBuildFile; fileRef = C1FD895C29EF9D0E00358E82 /* ImageLoader.swift */; };
		C1FD895F29EF9D6200358E82 /* LocalImageLoader.swift in Sources */ = {isa = PBXBuildFile; fileRef = C1FD895E29EF9D6200358E82 /* LocalImageLoader.swift */; };
		C1FD896129EF9EE900358E82 /* RemoteImageLoader.swift in Sources */ = {isa = PBXBuildFile; fileRef = C1FD896029EF9EE800358E82 /* RemoteImageLoader.swift */; };
		C1FD896329EFA87B00358E82 /* ImageLoaderFallbackComposite.swift in Sources */ = {isa = PBXBuildFile; fileRef = C1FD896229EFA87B00358E82 /* ImageLoaderFallbackComposite.swift */; };
		C1FD896529EFA8ED00358E82 /* ImageLoaderCacheDecorator.swift in Sources */ = {isa = PBXBuildFile; fileRef = C1FD896429EFA8ED00358E82 /* ImageLoaderCacheDecorator.swift */; };
		C1FD896629EFADB200358E82 /* MockAPIClient.swift in Sources */ = {isa = PBXBuildFile; fileRef = C1DDC8B2292EE15400BB101F /* MockAPIClient.swift */; };
		C1FD896829EFAE9000358E82 /* UIImage+TestHelpers.swift in Sources */ = {isa = PBXBuildFile; fileRef = C1FD896729EFAE9000358E82 /* UIImage+TestHelpers.swift */; };
/* End PBXBuildFile section */

/* Begin PBXContainerItemProxy section */
		C1DDC8A7292DE23A00BB101F /* PBXContainerItemProxy */ = {
			isa = PBXContainerItemProxy;
			containerPortal = C1C888CE2925EE6D00FD832F /* Project object */;
			proxyType = 1;
			remoteGlobalIDString = C1C888D52925EE6D00FD832F;
			remoteInfo = GithubList;
		};
/* End PBXContainerItemProxy section */

/* Begin PBXFileReference section */
		C143F33629EFC776007D6C13 /* UsersLoaderDelayDecorator.swift */ = {isa = PBXFileReference; lastKnownFileType = sourcecode.swift; path = UsersLoaderDelayDecorator.swift; sourceTree = "<group>"; };
		C1C888D62925EE6D00FD832F /* GithubList.app */ = {isa = PBXFileReference; explicitFileType = wrapper.application; includeInIndex = 0; path = GithubList.app; sourceTree = BUILT_PRODUCTS_DIR; };
		C1C888D92925EE6D00FD832F /* AppDelegate.swift */ = {isa = PBXFileReference; lastKnownFileType = sourcecode.swift; path = AppDelegate.swift; sourceTree = "<group>"; };
		C1C888DB2925EE6D00FD832F /* SceneDelegate.swift */ = {isa = PBXFileReference; lastKnownFileType = sourcecode.swift; path = SceneDelegate.swift; sourceTree = "<group>"; };
		C1C888E02925EE6D00FD832F /* Base */ = {isa = PBXFileReference; lastKnownFileType = file.storyboard; name = Base; path = Base.lproj/Main.storyboard; sourceTree = "<group>"; };
		C1C888E32925EE6D00FD832F /* Test.xcdatamodel */ = {isa = PBXFileReference; lastKnownFileType = wrapper.xcdatamodel; path = Test.xcdatamodel; sourceTree = "<group>"; };
		C1C888E52925EE6F00FD832F /* Assets.xcassets */ = {isa = PBXFileReference; lastKnownFileType = folder.assetcatalog; path = Assets.xcassets; sourceTree = "<group>"; };
		C1C888E82925EE6F00FD832F /* Base */ = {isa = PBXFileReference; lastKnownFileType = file.storyboard; name = Base; path = Base.lproj/LaunchScreen.storyboard; sourceTree = "<group>"; };
		C1C888EA2925EE6F00FD832F /* Info.plist */ = {isa = PBXFileReference; lastKnownFileType = text.plist.xml; path = Info.plist; sourceTree = "<group>"; };
		C1C888F12925F2F100FD832F /* APILoader.swift */ = {isa = PBXFileReference; lastKnownFileType = sourcecode.swift; path = APILoader.swift; sourceTree = "<group>"; };
		C1C888F4292615CE00FD832F /* User.swift */ = {isa = PBXFileReference; lastKnownFileType = sourcecode.swift; path = User.swift; sourceTree = "<group>"; };
		C1C888F9292B1A2200FD832F /* UserListViewController.swift */ = {isa = PBXFileReference; lastKnownFileType = sourcecode.swift; path = UserListViewController.swift; sourceTree = "<group>"; };
		C1C888FB292B1C2C00FD832F /* UserCell.swift */ = {isa = PBXFileReference; lastKnownFileType = sourcecode.swift; path = UserCell.swift; sourceTree = "<group>"; };
		C1C888FE292B1D7800FD832F /* UserListViewModel.swift */ = {isa = PBXFileReference; lastKnownFileType = sourcecode.swift; path = UserListViewModel.swift; sourceTree = "<group>"; };
		C1C88904292B282800FD832F /* UserCellViewModel.swift */ = {isa = PBXFileReference; lastKnownFileType = sourcecode.swift; path = UserCellViewModel.swift; sourceTree = "<group>"; };
		C1C8890F292B3E1F00FD832F /* UIImage+Invert.swift */ = {isa = PBXFileReference; lastKnownFileType = sourcecode.swift; path = "UIImage+Invert.swift"; sourceTree = "<group>"; };
		C1C88912292B619900FD832F /* LoadingIndicatorCell.swift */ = {isa = PBXFileReference; lastKnownFileType = sourcecode.swift; path = LoadingIndicatorCell.swift; sourceTree = "<group>"; };
		C1C88918292C3F7D00FD832F /* UserProfileView.swift */ = {isa = PBXFileReference; lastKnownFileType = sourcecode.swift; path = UserProfileView.swift; sourceTree = "<group>"; };
		C1C8891A292C77FC00FD832F /* ProfileViewModel.swift */ = {isa = PBXFileReference; lastKnownFileType = sourcecode.swift; path = ProfileViewModel.swift; sourceTree = "<group>"; };
		C1DDC887292CD32F00BB101F /* UserProfileViewModel.swift */ = {isa = PBXFileReference; lastKnownFileType = sourcecode.swift; path = UserProfileViewModel.swift; sourceTree = "<group>"; };
		C1DDC88A292CF89400BB101F /* UsersCoreDataRepository.swift */ = {isa = PBXFileReference; lastKnownFileType = sourcecode.swift; path = UsersCoreDataRepository.swift; sourceTree = "<group>"; };
		C1DDC88C292CFD5100BB101F /* UserManagedObject.swift */ = {isa = PBXFileReference; lastKnownFileType = sourcecode.swift; path = UserManagedObject.swift; sourceTree = "<group>"; };
		C1DDC88E292CFF5100BB101F /* CoreDataStack.swift */ = {isa = PBXFileReference; lastKnownFileType = sourcecode.swift; path = CoreDataStack.swift; sourceTree = "<group>"; };
		C1DDC891292DC1F700BB101F /* Reachability.swift */ = {isa = PBXFileReference; fileEncoding = 4; lastKnownFileType = sourcecode.swift; path = Reachability.swift; sourceTree = "<group>"; };
		C1DDC897292DC2BC00BB101F /* BottomInfoView.swift */ = {isa = PBXFileReference; lastKnownFileType = sourcecode.swift; path = BottomInfoView.swift; sourceTree = "<group>"; };
		C1DDC8A3292DE23A00BB101F /* GithubListTests.xctest */ = {isa = PBXFileReference; explicitFileType = wrapper.cfbundle; includeInIndex = 0; path = GithubListTests.xctest; sourceTree = BUILT_PRODUCTS_DIR; };
		C1DDC8A5292DE23A00BB101F /* GithubListTests.swift */ = {isa = PBXFileReference; lastKnownFileType = sourcecode.swift; path = GithubListTests.swift; sourceTree = "<group>"; };
		C1DDC8B2292EE15400BB101F /* MockAPIClient.swift */ = {isa = PBXFileReference; lastKnownFileType = sourcecode.swift; path = MockAPIClient.swift; sourceTree = "<group>"; };
		C1DDC8B4292EE18C00BB101F /* users.json */ = {isa = PBXFileReference; fileEncoding = 4; lastKnownFileType = text.json; path = users.json; sourceTree = "<group>"; };
		C1DDC8B6292EE5F300BB101F /* userProfile.json */ = {isa = PBXFileReference; fileEncoding = 4; lastKnownFileType = text.json; path = userProfile.json; sourceTree = "<group>"; };
		C1FD891129EE0A3F00358E82 /* HTTPClient.swift */ = {isa = PBXFileReference; lastKnownFileType = sourcecode.swift; path = HTTPClient.swift; sourceTree = "<group>"; };
		C1FD891329EE295000358E82 /* URLSessionHTTPClient.swift */ = {isa = PBXFileReference; lastKnownFileType = sourcecode.swift; path = URLSessionHTTPClient.swift; sourceTree = "<group>"; };
		C1FD891829EE2CD200358E82 /* UserListSnapshotTests.swift */ = {isa = PBXFileReference; lastKnownFileType = sourcecode.swift; path = UserListSnapshotTests.swift; sourceTree = "<group>"; };
		C1FD891B29EE2CFE00358E82 /* XCTestCase+Snapshot.swift */ = {isa = PBXFileReference; lastKnownFileType = sourcecode.swift; path = "XCTestCase+Snapshot.swift"; sourceTree = "<group>"; };
		C1FD891D29EE2D2200358E82 /* UIViewController+Snapshot.swift */ = {isa = PBXFileReference; lastKnownFileType = sourcecode.swift; path = "UIViewController+Snapshot.swift"; sourceTree = "<group>"; };
		C1FD892029EE36F200358E82 /* snapshots */ = {isa = PBXFileReference; lastKnownFileType = folder; path = snapshots; sourceTree = "<group>"; };
		C1FD892629EE3B6A00358E82 /* LocalLoader.swift */ = {isa = PBXFileReference; lastKnownFileType = sourcecode.swift; path = LocalLoader.swift; sourceTree = "<group>"; };
		C1FD892829EE40AA00358E82 /* UsersLoaderComposite.swift */ = {isa = PBXFileReference; lastKnownFileType = sourcecode.swift; path = UsersLoaderComposite.swift; sourceTree = "<group>"; };
		C1FD892A29EE452600358E82 /* UsersLoaderCompositeTests.swift */ = {isa = PBXFileReference; lastKnownFileType = sourcecode.swift; path = UsersLoaderCompositeTests.swift; sourceTree = "<group>"; };
		C1FD892D29EE492B00358E82 /* UserListViewModelTests.swift */ = {isa = PBXFileReference; lastKnownFileType = sourcecode.swift; path = UserListViewModelTests.swift; sourceTree = "<group>"; };
		C1FD893029EE49D300358E82 /* UsersLoaderStub.swift */ = {isa = PBXFileReference; lastKnownFileType = sourcecode.swift; path = UsersLoaderStub.swift; sourceTree = "<group>"; };
		C1FD893229EE51F800358E82 /* SharedHelpers.swift */ = {isa = PBXFileReference; lastKnownFileType = sourcecode.swift; path = SharedHelpers.swift; sourceTree = "<group>"; };
		C1FD893429EE56F900358E82 /* UsersLoaderCacheDecorator.swift */ = {isa = PBXFileReference; lastKnownFileType = sourcecode.swift; path = UsersLoaderCacheDecorator.swift; sourceTree = "<group>"; };
		C1FD893829EE5A9B00358E82 /* UserListUIComposer.swift */ = {isa = PBXFileReference; lastKnownFileType = sourcecode.swift; path = UserListUIComposer.swift; sourceTree = "<group>"; };
		C1FD893A29EE5F9100358E82 /* UserProfileLoaderComposite.swift */ = {isa = PBXFileReference; lastKnownFileType = sourcecode.swift; path = UserProfileLoaderComposite.swift; sourceTree = "<group>"; };
		C1FD893D29EE61F900358E82 /* User+ProfileCheck.swift */ = {isa = PBXFileReference; lastKnownFileType = sourcecode.swift; path = "User+ProfileCheck.swift"; sourceTree = "<group>"; };
		C1FD893F29EE773D00358E82 /* UserProfileUIComposer.swift */ = {isa = PBXFileReference; lastKnownFileType = sourcecode.swift; path = UserProfileUIComposer.swift; sourceTree = "<group>"; };
		C1FD894129EE77F400358E82 /* MainQueueDispatchDecorator.swift */ = {isa = PBXFileReference; lastKnownFileType = sourcecode.swift; path = MainQueueDispatchDecorator.swift; sourceTree = "<group>"; };
		C1FD894329EE7A5A00358E82 /* UserProfileLoaderCacheDecorator.swift */ = {isa = PBXFileReference; lastKnownFileType = sourcecode.swift; path = UserProfileLoaderCacheDecorator.swift; sourceTree = "<group>"; };
		C1FD894629EF5B7900358E82 /* UsersRepository.swift */ = {isa = PBXFileReference; lastKnownFileType = sourcecode.swift; path = UsersRepository.swift; sourceTree = "<group>"; };
		C1FD894929EF5DC900358E82 /* UserManagedObjectHelpers.swift */ = {isa = PBXFileReference; lastKnownFileType = sourcecode.swift; path = UserManagedObjectHelpers.swift; sourceTree = "<group>"; };
		C1FD894B29EF805300358E82 /* UsersCoreDataRepositoryTests.swift */ = {isa = PBXFileReference; lastKnownFileType = sourcecode.swift; path = UsersCoreDataRepositoryTests.swift; sourceTree = "<group>"; };
		C1FD895529EF90B800358E82 /* InternetConnectionUpdater.swift */ = {isa = PBXFileReference; lastKnownFileType = sourcecode.swift; path = InternetConnectionUpdater.swift; sourceTree = "<group>"; };
		C1FD895829EF9C9000358E82 /* UsersLoader.swift */ = {isa = PBXFileReference; lastKnownFileType = sourcecode.swift; path = UsersLoader.swift; sourceTree = "<group>"; };
		C1FD895A29EF9C9900358E82 /* UserProfileLoader.swift */ = {isa = PBXFileReference; lastKnownFileType = sourcecode.swift; path = UserProfileLoader.swift; sourceTree = "<group>"; };
		C1FD895C29EF9D0E00358E82 /* ImageLoader.swift */ = {isa = PBXFileReference; lastKnownFileType = sourcecode.swift; path = ImageLoader.swift; sourceTree = "<group>"; };
		C1FD895E29EF9D6200358E82 /* LocalImageLoader.swift */ = {isa = PBXFileReference; lastKnownFileType = sourcecode.swift; path = LocalImageLoader.swift; sourceTree = "<group>"; };
		C1FD896029EF9EE800358E82 /* RemoteImageLoader.swift */ = {isa = PBXFileReference; lastKnownFileType = sourcecode.swift; path = RemoteImageLoader.swift; sourceTree = "<group>"; };
		C1FD896229EFA87B00358E82 /* ImageLoaderFallbackComposite.swift */ = {isa = PBXFileReference; lastKnownFileType = sourcecode.swift; path = ImageLoaderFallbackComposite.swift; sourceTree = "<group>"; };
		C1FD896429EFA8ED00358E82 /* ImageLoaderCacheDecorator.swift */ = {isa = PBXFileReference; lastKnownFileType = sourcecode.swift; path = ImageLoaderCacheDecorator.swift; sourceTree = "<group>"; };
		C1FD896729EFAE9000358E82 /* UIImage+TestHelpers.swift */ = {isa = PBXFileReference; lastKnownFileType = sourcecode.swift; path = "UIImage+TestHelpers.swift"; sourceTree = "<group>"; };
/* End PBXFileReference section */

/* Begin PBXFrameworksBuildPhase section */
		C1C888D32925EE6D00FD832F /* Frameworks */ = {
			isa = PBXFrameworksBuildPhase;
			buildActionMask = 2147483647;
			files = (
			);
			runOnlyForDeploymentPostprocessing = 0;
		};
		C1DDC8A0292DE23A00BB101F /* Frameworks */ = {
			isa = PBXFrameworksBuildPhase;
			buildActionMask = 2147483647;
			files = (
			);
			runOnlyForDeploymentPostprocessing = 0;
		};
/* End PBXFrameworksBuildPhase section */

/* Begin PBXGroup section */
		C1C888CD2925EE6D00FD832F = {
			isa = PBXGroup;
			children = (
				C1C888D82925EE6D00FD832F /* GithubList */,
				C1DDC8A4292DE23A00BB101F /* GithubListTests */,
				C1C888D72925EE6D00FD832F /* Products */,
			);
			sourceTree = "<group>";
		};
		C1C888D72925EE6D00FD832F /* Products */ = {
			isa = PBXGroup;
			children = (
				C1C888D62925EE6D00FD832F /* GithubList.app */,
				C1DDC8A3292DE23A00BB101F /* GithubListTests.xctest */,
			);
			name = Products;
			sourceTree = "<group>";
		};
		C1C888D82925EE6D00FD832F /* GithubList */ = {
			isa = PBXGroup;
			children = (
				C1FD895729EF9C8200358E82 /* Feature */,
				C1C88900292B1F7800FD832F /* Helpers */,
				C1FD893629EE59AA00358E82 /* Composition Root */,
				C1C888F02925F2B000FD832F /* API */,
				C1DDC889292CF87E00BB101F /* Cache */,
				C1FD894D29EF897F00358E82 /* UI */,
				C1C888D92925EE6D00FD832F /* AppDelegate.swift */,
				C1C888DB2925EE6D00FD832F /* SceneDelegate.swift */,
				C1C888DF2925EE6D00FD832F /* Main.storyboard */,
				C1C888E52925EE6F00FD832F /* Assets.xcassets */,
				C1C888E72925EE6F00FD832F /* LaunchScreen.storyboard */,
				C1C888EA2925EE6F00FD832F /* Info.plist */,
				C1C888E22925EE6D00FD832F /* GithubUsers.xcdatamodeld */,
			);
			path = GithubList;
			sourceTree = "<group>";
		};
		C1C888F02925F2B000FD832F /* API */ = {
			isa = PBXGroup;
			children = (
				C1C888F12925F2F100FD832F /* APILoader.swift */,
				C1FD891129EE0A3F00358E82 /* HTTPClient.swift */,
				C1FD891329EE295000358E82 /* URLSessionHTTPClient.swift */,
				C1FD896029EF9EE800358E82 /* RemoteImageLoader.swift */,
			);
			path = API;
			sourceTree = "<group>";
		};
		C1C88900292B1F7800FD832F /* Helpers */ = {
			isa = PBXGroup;
			children = (
				C1FD893D29EE61F900358E82 /* User+ProfileCheck.swift */,
				C1DDC894292DC27100BB101F /* Extension */,
				C1C88901292B1F7C00FD832F /* Helpers */,
			);
			path = Helpers;
			sourceTree = "<group>";
		};
		C1C88901292B1F7C00FD832F /* Helpers */ = {
			isa = PBXGroup;
			children = (
				C1DDC891292DC1F700BB101F /* Reachability.swift */,
			);
			path = Helpers;
			sourceTree = "<group>";
		};
		C1DDC889292CF87E00BB101F /* Cache */ = {
			isa = PBXGroup;
			children = (
				C1FD894529EF5B1C00358E82 /* Infra */,
				C1FD892629EE3B6A00358E82 /* LocalLoader.swift */,
				C1FD895E29EF9D6200358E82 /* LocalImageLoader.swift */,
				C1FD894629EF5B7900358E82 /* UsersRepository.swift */,
			);
			path = Cache;
			sourceTree = "<group>";
		};
		C1DDC894292DC27100BB101F /* Extension */ = {
			isa = PBXGroup;
			children = (
				C1C8890F292B3E1F00FD832F /* UIImage+Invert.swift */,
			);
			path = Extension;
			sourceTree = "<group>";
		};
		C1DDC8A4292DE23A00BB101F /* GithubListTests */ = {
			isa = PBXGroup;
			children = (
				C1FD892F29EE49BC00358E82 /* Helpers */,
				C1FD892C29EE48C900358E82 /* ViewModel */,
				C1FD891729EE2CBD00358E82 /* View */,
				C1DDC8A5292DE23A00BB101F /* GithubListTests.swift */,
				C1FD892A29EE452600358E82 /* UsersLoaderCompositeTests.swift */,
				C1FD894B29EF805300358E82 /* UsersCoreDataRepositoryTests.swift */,
			);
			path = GithubListTests;
			sourceTree = "<group>";
		};
		C1FD891729EE2CBD00358E82 /* View */ = {
			isa = PBXGroup;
			children = (
				C1FD892029EE36F200358E82 /* snapshots */,
				C1FD891A29EE2CE500358E82 /* Helpers */,
				C1FD891829EE2CD200358E82 /* UserListSnapshotTests.swift */,
			);
			path = View;
			sourceTree = "<group>";
		};
		C1FD891A29EE2CE500358E82 /* Helpers */ = {
			isa = PBXGroup;
			children = (
				C1FD891B29EE2CFE00358E82 /* XCTestCase+Snapshot.swift */,
				C1FD891D29EE2D2200358E82 /* UIViewController+Snapshot.swift */,
			);
			path = Helpers;
			sourceTree = "<group>";
		};
		C1FD892C29EE48C900358E82 /* ViewModel */ = {
			isa = PBXGroup;
			children = (
				C1FD892D29EE492B00358E82 /* UserListViewModelTests.swift */,
			);
			path = ViewModel;
			sourceTree = "<group>";
		};
		C1FD892F29EE49BC00358E82 /* Helpers */ = {
			isa = PBXGroup;
			children = (
				C1DDC8B2292EE15400BB101F /* MockAPIClient.swift */,
				C1DDC8B6292EE5F300BB101F /* userProfile.json */,
				C1DDC8B4292EE18C00BB101F /* users.json */,
				C1FD893029EE49D300358E82 /* UsersLoaderStub.swift */,
				C1FD893229EE51F800358E82 /* SharedHelpers.swift */,
				C1FD896729EFAE9000358E82 /* UIImage+TestHelpers.swift */,
			);
			path = Helpers;
			sourceTree = "<group>";
		};
		C1FD893629EE59AA00358E82 /* Composition Root */ = {
			isa = PBXGroup;
			children = (
				C1FD895429EF90A700358E82 /* Internet Updater */,
				C1FD893729EE5A8900358E82 /* Composer */,
				C1FD893429EE56F900358E82 /* UsersLoaderCacheDecorator.swift */,
				C143F33629EFC776007D6C13 /* UsersLoaderDelayDecorator.swift */,
				C1FD892829EE40AA00358E82 /* UsersLoaderComposite.swift */,
				C1FD893A29EE5F9100358E82 /* UserProfileLoaderComposite.swift */,
				C1FD894329EE7A5A00358E82 /* UserProfileLoaderCacheDecorator.swift */,
				C1FD896229EFA87B00358E82 /* ImageLoaderFallbackComposite.swift */,
				C1FD896429EFA8ED00358E82 /* ImageLoaderCacheDecorator.swift */,
				C1FD894129EE77F400358E82 /* MainQueueDispatchDecorator.swift */,
			);
			path = "Composition Root";
			sourceTree = "<group>";
		};
		C1FD893729EE5A8900358E82 /* Composer */ = {
			isa = PBXGroup;
			children = (
				C1FD893829EE5A9B00358E82 /* UserListUIComposer.swift */,
				C1FD893F29EE773D00358E82 /* UserProfileUIComposer.swift */,
			);
			path = Composer;
			sourceTree = "<group>";
		};
		C1FD894529EF5B1C00358E82 /* Infra */ = {
			isa = PBXGroup;
			children = (
				C1FD894829EF5DB400358E82 /* Helpers */,
				C1DDC88A292CF89400BB101F /* UsersCoreDataRepository.swift */,
				C1DDC88E292CFF5100BB101F /* CoreDataStack.swift */,
			);
			path = Infra;
			sourceTree = "<group>";
		};
		C1FD894829EF5DB400358E82 /* Helpers */ = {
			isa = PBXGroup;
			children = (
				C1DDC88C292CFD5100BB101F /* UserManagedObject.swift */,
				C1FD894929EF5DC900358E82 /* UserManagedObjectHelpers.swift */,
			);
			path = Helpers;
			sourceTree = "<group>";
		};
		C1FD894D29EF897F00358E82 /* UI */ = {
			isa = PBXGroup;
			children = (
				C1FD894E29EF899D00358E82 /* User List */,
				C1FD895029EF89D900358E82 /* User Profile */,
			);
			path = UI;
			sourceTree = "<group>";
		};
		C1FD894E29EF899D00358E82 /* User List */ = {
			isa = PBXGroup;
			children = (
				C1FD895129EF89FC00358E82 /* Controller */,
				C1FD895229EF8A0300358E82 /* Presentation */,
				C1FD894F29EF89BD00358E82 /* Views */,
			);
			path = "User List";
			sourceTree = "<group>";
		};
		C1FD894F29EF89BD00358E82 /* Views */ = {
			isa = PBXGroup;
			children = (
				C1C888FB292B1C2C00FD832F /* UserCell.swift */,
				C1DDC897292DC2BC00BB101F /* BottomInfoView.swift */,
				C1C88912292B619900FD832F /* LoadingIndicatorCell.swift */,
			);
			path = Views;
			sourceTree = "<group>";
		};
		C1FD895029EF89D900358E82 /* User Profile */ = {
			isa = PBXGroup;
			children = (
				C1FD895329EF8A0F00358E82 /* Presentation */,
				C1C88918292C3F7D00FD832F /* UserProfileView.swift */,
			);
			path = "User Profile";
			sourceTree = "<group>";
		};
		C1FD895129EF89FC00358E82 /* Controller */ = {
			isa = PBXGroup;
			children = (
				C1C888F9292B1A2200FD832F /* UserListViewController.swift */,
			);
			path = Controller;
			sourceTree = "<group>";
		};
		C1FD895229EF8A0300358E82 /* Presentation */ = {
			isa = PBXGroup;
			children = (
				C1C88904292B282800FD832F /* UserCellViewModel.swift */,
				C1C888FE292B1D7800FD832F /* UserListViewModel.swift */,
			);
			path = Presentation;
			sourceTree = "<group>";
		};
		C1FD895329EF8A0F00358E82 /* Presentation */ = {
			isa = PBXGroup;
			children = (
				C1DDC887292CD32F00BB101F /* UserProfileViewModel.swift */,
				C1C8891A292C77FC00FD832F /* ProfileViewModel.swift */,
			);
			path = Presentation;
			sourceTree = "<group>";
		};
		C1FD895429EF90A700358E82 /* Internet Updater */ = {
			isa = PBXGroup;
			children = (
				C1FD895529EF90B800358E82 /* InternetConnectionUpdater.swift */,
			);
			path = "Internet Updater";
			sourceTree = "<group>";
		};
		C1FD895729EF9C8200358E82 /* Feature */ = {
			isa = PBXGroup;
			children = (
				C1C888F4292615CE00FD832F /* User.swift */,
				C1FD895829EF9C9000358E82 /* UsersLoader.swift */,
				C1FD895A29EF9C9900358E82 /* UserProfileLoader.swift */,
				C1FD895C29EF9D0E00358E82 /* ImageLoader.swift */,
			);
			path = Feature;
			sourceTree = "<group>";
		};
/* End PBXGroup section */

/* Begin PBXNativeTarget section */
		C1C888D52925EE6D00FD832F /* GithubList */ = {
			isa = PBXNativeTarget;
			buildConfigurationList = C1C888ED2925EE6F00FD832F /* Build configuration list for PBXNativeTarget "GithubList" */;
			buildPhases = (
				C1C888D22925EE6D00FD832F /* Sources */,
				C1C888D32925EE6D00FD832F /* Frameworks */,
				C1C888D42925EE6D00FD832F /* Resources */,
			);
			buildRules = (
			);
			dependencies = (
			);
			name = GithubList;
			productName = Test;
			productReference = C1C888D62925EE6D00FD832F /* GithubList.app */;
			productType = "com.apple.product-type.application";
		};
		C1DDC8A2292DE23A00BB101F /* GithubListTests */ = {
			isa = PBXNativeTarget;
			buildConfigurationList = C1DDC8A9292DE23A00BB101F /* Build configuration list for PBXNativeTarget "GithubListTests" */;
			buildPhases = (
				C1DDC89F292DE23A00BB101F /* Sources */,
				C1DDC8A0292DE23A00BB101F /* Frameworks */,
				C1DDC8A1292DE23A00BB101F /* Resources */,
			);
			buildRules = (
			);
			dependencies = (
				C1DDC8A8292DE23A00BB101F /* PBXTargetDependency */,
			);
			name = GithubListTests;
			productName = GithubListTests;
			productReference = C1DDC8A3292DE23A00BB101F /* GithubListTests.xctest */;
			productType = "com.apple.product-type.bundle.unit-test";
		};
/* End PBXNativeTarget section */

/* Begin PBXProject section */
		C1C888CE2925EE6D00FD832F /* Project object */ = {
			isa = PBXProject;
			attributes = {
				BuildIndependentTargetsInParallel = 1;
				LastSwiftUpdateCheck = 1400;
				LastUpgradeCheck = 1400;
				TargetAttributes = {
					C1C888D52925EE6D00FD832F = {
						CreatedOnToolsVersion = 14.0;
					};
					C1DDC8A2292DE23A00BB101F = {
						CreatedOnToolsVersion = 14.0;
						TestTargetID = C1C888D52925EE6D00FD832F;
					};
				};
			};
			buildConfigurationList = C1C888D12925EE6D00FD832F /* Build configuration list for PBXProject "GithubList" */;
			compatibilityVersion = "Xcode 14.0";
			developmentRegion = en;
			hasScannedForEncodings = 0;
			knownRegions = (
				en,
				Base,
			);
			mainGroup = C1C888CD2925EE6D00FD832F;
			productRefGroup = C1C888D72925EE6D00FD832F /* Products */;
			projectDirPath = "";
			projectRoot = "";
			targets = (
				C1C888D52925EE6D00FD832F /* GithubList */,
				C1DDC8A2292DE23A00BB101F /* GithubListTests */,
			);
		};
/* End PBXProject section */

/* Begin PBXResourcesBuildPhase section */
		C1C888D42925EE6D00FD832F /* Resources */ = {
			isa = PBXResourcesBuildPhase;
			buildActionMask = 2147483647;
			files = (
				C1DDC8B9292EEF9F00BB101F /* users.json in Resources */,
				C1DDC8B8292EEF9D00BB101F /* userProfile.json in Resources */,
				C1C888E92925EE6F00FD832F /* LaunchScreen.storyboard in Resources */,
				C1C888E62925EE6F00FD832F /* Assets.xcassets in Resources */,
				C1C888E12925EE6D00FD832F /* Main.storyboard in Resources */,
			);
			runOnlyForDeploymentPostprocessing = 0;
		};
		C1DDC8A1292DE23A00BB101F /* Resources */ = {
			isa = PBXResourcesBuildPhase;
			buildActionMask = 2147483647;
			files = (
				C1DDC8B7292EE5F300BB101F /* userProfile.json in Resources */,
				C1FD892129EE36F200358E82 /* snapshots in Resources */,
				C1DDC8B5292EE18C00BB101F /* users.json in Resources */,
			);
			runOnlyForDeploymentPostprocessing = 0;
		};
/* End PBXResourcesBuildPhase section */

/* Begin PBXSourcesBuildPhase section */
		C1C888D22925EE6D00FD832F /* Sources */ = {
			isa = PBXSourcesBuildPhase;
			buildActionMask = 2147483647;
			files = (
				C1FD895629EF90B800358E82 /* InternetConnectionUpdater.swift in Sources */,
				C1DDC88F292CFF5100BB101F /* CoreDataStack.swift in Sources */,
				C1FD894229EE77F400358E82 /* MainQueueDispatchDecorator.swift in Sources */,
				C1DDC88D292CFD5100BB101F /* UserManagedObject.swift in Sources */,
				C1FD895929EF9C9000358E82 /* UsersLoader.swift in Sources */,
				C1FD894029EE773D00358E82 /* UserProfileUIComposer.swift in Sources */,
				C1FD893E29EE61F900358E82 /* User+ProfileCheck.swift in Sources */,
				C1FD896529EFA8ED00358E82 /* ImageLoaderCacheDecorator.swift in Sources */,
				C1FD891229EE0A3F00358E82 /* HTTPClient.swift in Sources */,
				C1FD892929EE40AA00358E82 /* UsersLoaderComposite.swift in Sources */,
				C1FD895B29EF9C9900358E82 /* UserProfileLoader.swift in Sources */,
				C1C888FC292B1C2C00FD832F /* UserCell.swift in Sources */,
				C1C888FA292B1A2200FD832F /* UserListViewController.swift in Sources */,
				C1FD893529EE56F900358E82 /* UsersLoaderCacheDecorator.swift in Sources */,
				C1FD894729EF5B7900358E82 /* UsersRepository.swift in Sources */,
				C1DDC898292DC2BC00BB101F /* BottomInfoView.swift in Sources */,
				C1FD893B29EE5F9100358E82 /* UserProfileLoaderComposite.swift in Sources */,
				C1FD891429EE295000358E82 /* URLSessionHTTPClient.swift in Sources */,
				C1C88910292B3E1F00FD832F /* UIImage+Invert.swift in Sources */,
				C1C888E42925EE6D00FD832F /* GithubUsers.xcdatamodeld in Sources */,
				C1C888FF292B1D7800FD832F /* UserListViewModel.swift in Sources */,
				C1C88905292B282800FD832F /* UserCellViewModel.swift in Sources */,
				C1FD896329EFA87B00358E82 /* ImageLoaderFallbackComposite.swift in Sources */,
				C1FD894A29EF5DC900358E82 /* UserManagedObjectHelpers.swift in Sources */,
				C1C888F5292615CE00FD832F /* User.swift in Sources */,
				C1C888DA2925EE6D00FD832F /* AppDelegate.swift in Sources */,
				C1FD896129EF9EE900358E82 /* RemoteImageLoader.swift in Sources */,
				C1FD892729EE3B6A00358E82 /* LocalLoader.swift in Sources */,
				C143F33729EFC776007D6C13 /* UsersLoaderDelayDecorator.swift in Sources */,
				C1C88919292C3F7D00FD832F /* UserProfileView.swift in Sources */,
				C1FD894429EE7A5A00358E82 /* UserProfileLoaderCacheDecorator.swift in Sources */,
				C1C888F22925F2F100FD832F /* APILoader.swift in Sources */,
				C1C8891B292C77FC00FD832F /* ProfileViewModel.swift in Sources */,
				C1FD893929EE5A9B00358E82 /* UserListUIComposer.swift in Sources */,
				C1FD895F29EF9D6200358E82 /* LocalImageLoader.swift in Sources */,
				C1FD895D29EF9D0E00358E82 /* ImageLoader.swift in Sources */,
				C1DDC88B292CF89400BB101F /* UsersCoreDataRepository.swift in Sources */,
				C1DDC892292DC1F800BB101F /* Reachability.swift in Sources */,
				C1C88913292B619900FD832F /* LoadingIndicatorCell.swift in Sources */,
				C1C888DC2925EE6D00FD832F /* SceneDelegate.swift in Sources */,
				C1DDC888292CD32F00BB101F /* UserProfileViewModel.swift in Sources */,
			);
			runOnlyForDeploymentPostprocessing = 0;
		};
		C1DDC89F292DE23A00BB101F /* Sources */ = {
			isa = PBXSourcesBuildPhase;
			buildActionMask = 2147483647;
			files = (
				C1FD893329EE51F800358E82 /* SharedHelpers.swift in Sources */,
				C1FD891C29EE2CFE00358E82 /* XCTestCase+Snapshot.swift in Sources */,
				C1FD893129EE49D300358E82 /* UsersLoaderStub.swift in Sources */,
				C1FD891929EE2CD200358E82 /* UserListSnapshotTests.swift in Sources */,
				C1FD892B29EE452600358E82 /* UsersLoaderCompositeTests.swift in Sources */,
				C1FD894C29EF805300358E82 /* UsersCoreDataRepositoryTests.swift in Sources */,
				C1FD892E29EE492B00358E82 /* UserListViewModelTests.swift in Sources */,
				C1FD891E29EE2D2200358E82 /* UIViewController+Snapshot.swift in Sources */,
				C1FD896829EFAE9000358E82 /* UIImage+TestHelpers.swift in Sources */,
				C1DDC8A6292DE23A00BB101F /* GithubListTests.swift in Sources */,
				C1FD896629EFADB200358E82 /* MockAPIClient.swift in Sources */,
			);
			runOnlyForDeploymentPostprocessing = 0;
		};
/* End PBXSourcesBuildPhase section */

/* Begin PBXTargetDependency section */
		C1DDC8A8292DE23A00BB101F /* PBXTargetDependency */ = {
			isa = PBXTargetDependency;
			target = C1C888D52925EE6D00FD832F /* GithubList */;
			targetProxy = C1DDC8A7292DE23A00BB101F /* PBXContainerItemProxy */;
		};
/* End PBXTargetDependency section */

/* Begin PBXVariantGroup section */
		C1C888DF2925EE6D00FD832F /* Main.storyboard */ = {
			isa = PBXVariantGroup;
			children = (
				C1C888E02925EE6D00FD832F /* Base */,
			);
			name = Main.storyboard;
			sourceTree = "<group>";
		};
		C1C888E72925EE6F00FD832F /* LaunchScreen.storyboard */ = {
			isa = PBXVariantGroup;
			children = (
				C1C888E82925EE6F00FD832F /* Base */,
			);
			name = LaunchScreen.storyboard;
			sourceTree = "<group>";
		};
/* End PBXVariantGroup section */

/* Begin XCBuildConfiguration section */
		C1C888EB2925EE6F00FD832F /* Debug */ = {
			isa = XCBuildConfiguration;
			buildSettings = {
				ALWAYS_SEARCH_USER_PATHS = NO;
				CLANG_ANALYZER_NONNULL = YES;
				CLANG_ANALYZER_NUMBER_OBJECT_CONVERSION = YES_AGGRESSIVE;
				CLANG_CXX_LANGUAGE_STANDARD = "gnu++20";
				CLANG_ENABLE_MODULES = YES;
				CLANG_ENABLE_OBJC_ARC = YES;
				CLANG_ENABLE_OBJC_WEAK = YES;
				CLANG_WARN_BLOCK_CAPTURE_AUTORELEASING = YES;
				CLANG_WARN_BOOL_CONVERSION = YES;
				CLANG_WARN_COMMA = YES;
				CLANG_WARN_CONSTANT_CONVERSION = YES;
				CLANG_WARN_DEPRECATED_OBJC_IMPLEMENTATIONS = YES;
				CLANG_WARN_DIRECT_OBJC_ISA_USAGE = YES_ERROR;
				CLANG_WARN_DOCUMENTATION_COMMENTS = YES;
				CLANG_WARN_EMPTY_BODY = YES;
				CLANG_WARN_ENUM_CONVERSION = YES;
				CLANG_WARN_INFINITE_RECURSION = YES;
				CLANG_WARN_INT_CONVERSION = YES;
				CLANG_WARN_NON_LITERAL_NULL_CONVERSION = YES;
				CLANG_WARN_OBJC_IMPLICIT_RETAIN_SELF = YES;
				CLANG_WARN_OBJC_LITERAL_CONVERSION = YES;
				CLANG_WARN_OBJC_ROOT_CLASS = YES_ERROR;
				CLANG_WARN_QUOTED_INCLUDE_IN_FRAMEWORK_HEADER = YES;
				CLANG_WARN_RANGE_LOOP_ANALYSIS = YES;
				CLANG_WARN_STRICT_PROTOTYPES = YES;
				CLANG_WARN_SUSPICIOUS_MOVE = YES;
				CLANG_WARN_UNGUARDED_AVAILABILITY = YES_AGGRESSIVE;
				CLANG_WARN_UNREACHABLE_CODE = YES;
				CLANG_WARN__DUPLICATE_METHOD_MATCH = YES;
				COPY_PHASE_STRIP = NO;
				DEBUG_INFORMATION_FORMAT = dwarf;
				ENABLE_STRICT_OBJC_MSGSEND = YES;
				ENABLE_TESTABILITY = YES;
				GCC_C_LANGUAGE_STANDARD = gnu11;
				GCC_DYNAMIC_NO_PIC = NO;
				GCC_NO_COMMON_BLOCKS = YES;
				GCC_OPTIMIZATION_LEVEL = 0;
				GCC_PREPROCESSOR_DEFINITIONS = (
					"DEBUG=1",
					"$(inherited)",
				);
				GCC_WARN_64_TO_32_BIT_CONVERSION = YES;
				GCC_WARN_ABOUT_RETURN_TYPE = YES_ERROR;
				GCC_WARN_UNDECLARED_SELECTOR = YES;
				GCC_WARN_UNINITIALIZED_AUTOS = YES_AGGRESSIVE;
				GCC_WARN_UNUSED_FUNCTION = YES;
				GCC_WARN_UNUSED_VARIABLE = YES;
				IPHONEOS_DEPLOYMENT_TARGET = 16.0;
				MTL_ENABLE_DEBUG_INFO = INCLUDE_SOURCE;
				MTL_FAST_MATH = YES;
				ONLY_ACTIVE_ARCH = YES;
				SDKROOT = iphoneos;
				SWIFT_ACTIVE_COMPILATION_CONDITIONS = DEBUG;
				SWIFT_OPTIMIZATION_LEVEL = "-Onone";
			};
			name = Debug;
		};
		C1C888EC2925EE6F00FD832F /* Release */ = {
			isa = XCBuildConfiguration;
			buildSettings = {
				ALWAYS_SEARCH_USER_PATHS = NO;
				CLANG_ANALYZER_NONNULL = YES;
				CLANG_ANALYZER_NUMBER_OBJECT_CONVERSION = YES_AGGRESSIVE;
				CLANG_CXX_LANGUAGE_STANDARD = "gnu++20";
				CLANG_ENABLE_MODULES = YES;
				CLANG_ENABLE_OBJC_ARC = YES;
				CLANG_ENABLE_OBJC_WEAK = YES;
				CLANG_WARN_BLOCK_CAPTURE_AUTORELEASING = YES;
				CLANG_WARN_BOOL_CONVERSION = YES;
				CLANG_WARN_COMMA = YES;
				CLANG_WARN_CONSTANT_CONVERSION = YES;
				CLANG_WARN_DEPRECATED_OBJC_IMPLEMENTATIONS = YES;
				CLANG_WARN_DIRECT_OBJC_ISA_USAGE = YES_ERROR;
				CLANG_WARN_DOCUMENTATION_COMMENTS = YES;
				CLANG_WARN_EMPTY_BODY = YES;
				CLANG_WARN_ENUM_CONVERSION = YES;
				CLANG_WARN_INFINITE_RECURSION = YES;
				CLANG_WARN_INT_CONVERSION = YES;
				CLANG_WARN_NON_LITERAL_NULL_CONVERSION = YES;
				CLANG_WARN_OBJC_IMPLICIT_RETAIN_SELF = YES;
				CLANG_WARN_OBJC_LITERAL_CONVERSION = YES;
				CLANG_WARN_OBJC_ROOT_CLASS = YES_ERROR;
				CLANG_WARN_QUOTED_INCLUDE_IN_FRAMEWORK_HEADER = YES;
				CLANG_WARN_RANGE_LOOP_ANALYSIS = YES;
				CLANG_WARN_STRICT_PROTOTYPES = YES;
				CLANG_WARN_SUSPICIOUS_MOVE = YES;
				CLANG_WARN_UNGUARDED_AVAILABILITY = YES_AGGRESSIVE;
				CLANG_WARN_UNREACHABLE_CODE = YES;
				CLANG_WARN__DUPLICATE_METHOD_MATCH = YES;
				COPY_PHASE_STRIP = NO;
				DEBUG_INFORMATION_FORMAT = "dwarf-with-dsym";
				ENABLE_NS_ASSERTIONS = NO;
				ENABLE_STRICT_OBJC_MSGSEND = YES;
				GCC_C_LANGUAGE_STANDARD = gnu11;
				GCC_NO_COMMON_BLOCKS = YES;
				GCC_WARN_64_TO_32_BIT_CONVERSION = YES;
				GCC_WARN_ABOUT_RETURN_TYPE = YES_ERROR;
				GCC_WARN_UNDECLARED_SELECTOR = YES;
				GCC_WARN_UNINITIALIZED_AUTOS = YES_AGGRESSIVE;
				GCC_WARN_UNUSED_FUNCTION = YES;
				GCC_WARN_UNUSED_VARIABLE = YES;
				IPHONEOS_DEPLOYMENT_TARGET = 16.0;
				MTL_ENABLE_DEBUG_INFO = NO;
				MTL_FAST_MATH = YES;
				SDKROOT = iphoneos;
				SWIFT_COMPILATION_MODE = wholemodule;
				SWIFT_OPTIMIZATION_LEVEL = "-O";
				VALIDATE_PRODUCT = YES;
			};
			name = Release;
		};
		C1C888EE2925EE6F00FD832F /* Debug */ = {
			isa = XCBuildConfiguration;
			buildSettings = {
				ASSETCATALOG_COMPILER_APPICON_NAME = AppIcon;
				ASSETCATALOG_COMPILER_GLOBAL_ACCENT_COLOR_NAME = AccentColor;
				CODE_SIGN_STYLE = Automatic;
				CURRENT_PROJECT_VERSION = 1;
				DEVELOPMENT_TEAM = FKF3UFB34N;
				GENERATE_INFOPLIST_FILE = YES;
				INFOPLIST_FILE = GithubList/Info.plist;
				INFOPLIST_KEY_UIApplicationSupportsIndirectInputEvents = YES;
				INFOPLIST_KEY_UILaunchStoryboardName = LaunchScreen;
				INFOPLIST_KEY_UIMainStoryboardFile = Main;
				INFOPLIST_KEY_UISupportedInterfaceOrientations_iPad = "UIInterfaceOrientationPortrait UIInterfaceOrientationPortraitUpsideDown UIInterfaceOrientationLandscapeLeft UIInterfaceOrientationLandscapeRight";
				INFOPLIST_KEY_UISupportedInterfaceOrientations_iPhone = "UIInterfaceOrientationPortrait UIInterfaceOrientationLandscapeLeft UIInterfaceOrientationLandscapeRight";
				INFOPLIST_KEY_UIUserInterfaceStyle = Light;
				IPHONEOS_DEPLOYMENT_TARGET = 14.0;
				LD_RUNPATH_SEARCH_PATHS = (
					"$(inherited)",
					"@executable_path/Frameworks",
				);
				MARKETING_VERSION = 1.0;
				PRODUCT_BUNDLE_IDENTIFIER = com.lutfi.Test;
				PRODUCT_NAME = "$(TARGET_NAME)";
				SWIFT_EMIT_LOC_STRINGS = YES;
				SWIFT_VERSION = 5.0;
				TARGETED_DEVICE_FAMILY = "1,2";
			};
			name = Debug;
		};
		C1C888EF2925EE6F00FD832F /* Release */ = {
			isa = XCBuildConfiguration;
			buildSettings = {
				ASSETCATALOG_COMPILER_APPICON_NAME = AppIcon;
				ASSETCATALOG_COMPILER_GLOBAL_ACCENT_COLOR_NAME = AccentColor;
				CODE_SIGN_STYLE = Automatic;
				CURRENT_PROJECT_VERSION = 1;
				DEVELOPMENT_TEAM = FKF3UFB34N;
				GENERATE_INFOPLIST_FILE = YES;
				INFOPLIST_FILE = GithubList/Info.plist;
				INFOPLIST_KEY_UIApplicationSupportsIndirectInputEvents = YES;
				INFOPLIST_KEY_UILaunchStoryboardName = LaunchScreen;
				INFOPLIST_KEY_UIMainStoryboardFile = Main;
				INFOPLIST_KEY_UISupportedInterfaceOrientations_iPad = "UIInterfaceOrientationPortrait UIInterfaceOrientationPortraitUpsideDown UIInterfaceOrientationLandscapeLeft UIInterfaceOrientationLandscapeRight";
				INFOPLIST_KEY_UISupportedInterfaceOrientations_iPhone = "UIInterfaceOrientationPortrait UIInterfaceOrientationLandscapeLeft UIInterfaceOrientationLandscapeRight";
				INFOPLIST_KEY_UIUserInterfaceStyle = Light;
				IPHONEOS_DEPLOYMENT_TARGET = 14.0;
				LD_RUNPATH_SEARCH_PATHS = (
					"$(inherited)",
					"@executable_path/Frameworks",
				);
				MARKETING_VERSION = 1.0;
				PRODUCT_BUNDLE_IDENTIFIER = com.lutfi.Test;
				PRODUCT_NAME = "$(TARGET_NAME)";
				SWIFT_EMIT_LOC_STRINGS = YES;
				SWIFT_VERSION = 5.0;
				TARGETED_DEVICE_FAMILY = "1,2";
			};
			name = Release;
		};
		C1DDC8AA292DE23A00BB101F /* Debug */ = {
			isa = XCBuildConfiguration;
			buildSettings = {
				BUNDLE_LOADER = "$(TEST_HOST)";
				CODE_SIGN_STYLE = Automatic;
				CURRENT_PROJECT_VERSION = 1;
				DEVELOPMENT_TEAM = FKF3UFB34N;
				GENERATE_INFOPLIST_FILE = YES;
				IPHONEOS_DEPLOYMENT_TARGET = 16.0;
				MACOSX_DEPLOYMENT_TARGET = 12.3;
				MARKETING_VERSION = 1.0;
				PRODUCT_BUNDLE_IDENTIFIER = com.wanlutfi.GithubListTests;
				PRODUCT_NAME = "$(TARGET_NAME)";
				SDKROOT = auto;
				SUPPORTED_PLATFORMS = "iphoneos iphonesimulator macosx";
				SWIFT_EMIT_LOC_STRINGS = NO;
				SWIFT_VERSION = 5.0;
				TARGETED_DEVICE_FAMILY = "1,2";
				TEST_HOST = "$(BUILT_PRODUCTS_DIR)/GithubList.app/$(BUNDLE_EXECUTABLE_FOLDER_PATH)/GithubList";
			};
			name = Debug;
		};
		C1DDC8AB292DE23A00BB101F /* Release */ = {
			isa = XCBuildConfiguration;
			buildSettings = {
				BUNDLE_LOADER = "$(TEST_HOST)";
				CODE_SIGN_STYLE = Automatic;
				CURRENT_PROJECT_VERSION = 1;
				DEVELOPMENT_TEAM = FKF3UFB34N;
				GENERATE_INFOPLIST_FILE = YES;
				IPHONEOS_DEPLOYMENT_TARGET = 16.0;
				MACOSX_DEPLOYMENT_TARGET = 12.3;
				MARKETING_VERSION = 1.0;
				PRODUCT_BUNDLE_IDENTIFIER = com.wanlutfi.GithubListTests;
				PRODUCT_NAME = "$(TARGET_NAME)";
				SDKROOT = auto;
				SUPPORTED_PLATFORMS = "iphoneos iphonesimulator macosx";
				SWIFT_EMIT_LOC_STRINGS = NO;
				SWIFT_VERSION = 5.0;
				TARGETED_DEVICE_FAMILY = "1,2";
				TEST_HOST = "$(BUILT_PRODUCTS_DIR)/GithubList.app/$(BUNDLE_EXECUTABLE_FOLDER_PATH)/GithubList";
			};
			name = Release;
		};
/* End XCBuildConfiguration section */

/* Begin XCConfigurationList section */
		C1C888D12925EE6D00FD832F /* Build configuration list for PBXProject "GithubList" */ = {
			isa = XCConfigurationList;
			buildConfigurations = (
				C1C888EB2925EE6F00FD832F /* Debug */,
				C1C888EC2925EE6F00FD832F /* Release */,
			);
			defaultConfigurationIsVisible = 0;
			defaultConfigurationName = Release;
		};
		C1C888ED2925EE6F00FD832F /* Build configuration list for PBXNativeTarget "GithubList" */ = {
			isa = XCConfigurationList;
			buildConfigurations = (
				C1C888EE2925EE6F00FD832F /* Debug */,
				C1C888EF2925EE6F00FD832F /* Release */,
			);
			defaultConfigurationIsVisible = 0;
			defaultConfigurationName = Release;
		};
		C1DDC8A9292DE23A00BB101F /* Build configuration list for PBXNativeTarget "GithubListTests" */ = {
			isa = XCConfigurationList;
			buildConfigurations = (
				C1DDC8AA292DE23A00BB101F /* Debug */,
				C1DDC8AB292DE23A00BB101F /* Release */,
			);
			defaultConfigurationIsVisible = 0;
			defaultConfigurationName = Release;
		};
/* End XCConfigurationList section */

/* Begin XCVersionGroup section */
		C1C888E22925EE6D00FD832F /* GithubUsers.xcdatamodeld */ = {
			isa = XCVersionGroup;
			children = (
				C1C888E32925EE6D00FD832F /* Test.xcdatamodel */,
			);
			currentVersion = C1C888E32925EE6D00FD832F /* Test.xcdatamodel */;
			path = GithubUsers.xcdatamodeld;
			sourceTree = "<group>";
			versionGroupType = wrapper.xcdatamodel;
		};
/* End XCVersionGroup section */
	};
	rootObject = C1C888CE2925EE6D00FD832F /* Project object */;
}
